
Microsoft Visual Studio Solution File, Format Version 12.00
# Visual Studio Version 16
VisualStudioVersion = 16.0.29609.76
MinimumVisualStudioVersion = 10.0.40219.1
Project("{9A19103F-16F7-4668-BE54-9A1E7A4F7556}") = "FF.Job.Service", "FF.Job.Service\FF.Job.Service.csproj", "{CFD54F65-D908-4BBF-863F-0DE4ABE8BD88}"
EndProject
Project("{9A19103F-16F7-4668-BE54-9A1E7A4F7556}") = "FF.Job.Model", "FF.Job.Model\FF.Job.Model.csproj", "{3C880178-7C83-44CC-96D8-018503795CB3}"
EndProject
Project("{9A19103F-16F7-4668-BE54-9A1E7A4F7556}") = "FF.Job.GameAPI", "FF.Job.GameAPI\FF.Job.GameAPI.csproj", "{E52A399F-D489-4FF8-8BF2-7B6C4ADFD6E1}"
EndProject
Project("{9A19103F-16F7-4668-BE54-9A1E7A4F7556}") = "FF.Job.Repository", "FF.Job.Repository\FF.Job.Repository.csproj", "{36BB83AC-1522-428E-9A63-1A18078B05D5}"
EndProject
Project("{9A19103F-16F7-4668-BE54-9A1E7A4F7556}") = "FF.Job.Infrastructure", "FF.Job.Infrastructure\FF.Job.Infrastructure.csproj", "{CC93B975-D390-402B-96F5-02B73EA9128A}"
EndProject
Global
	GlobalSection(SolutionConfigurationPlatforms) = preSolution
		Debug|Any CPU = Debug|Any CPU
		Release|Any CPU = Release|Any CPU
	EndGlobalSection
	GlobalSection(ProjectConfigurationPlatforms) = postSolution
		{CFD54F65-D908-4BBF-863F-0DE4ABE8BD88}.Debug|Any CPU.ActiveCfg = Debug|Any CPU
		{CFD54F65-D908-4BBF-863F-0DE4ABE8BD88}.Debug|Any CPU.Build.0 = Debug|Any CPU
		{CFD54F65-D908-4BBF-863F-0DE4ABE8BD88}.Release|Any CPU.ActiveCfg = Release|Any CPU
		{CFD54F65-D908-4BBF-863F-0DE4ABE8BD88}.Release|Any CPU.Build.0 = Release|Any CPU
		{3C880178-7C83-44CC-96D8-018503795CB3}.Debug|Any CPU.ActiveCfg = Debug|Any CPU
		{3C880178-7C83-44CC-96D8-018503795CB3}.Debug|Any CPU.Build.0 = Debug|Any CPU
		{3C880178-7C83-44CC-96D8-018503795CB3}.Release|Any CPU.ActiveCfg = Release|Any CPU
		{3C880178-7C83-44CC-96D8-018503795CB3}.Release|Any CPU.Build.0 = Release|Any CPU
		{E52A399F-D489-4FF8-8BF2-7B6C4ADFD6E1}.Debug|Any CPU.ActiveCfg = Debug|Any CPU
		{E52A399F-D489-4FF8-8BF2-7B6C4ADFD6E1}.Debug|Any CPU.Build.0 = Debug|Any CPU
		{E52A399F-D489-4FF8-8BF2-7B6C4ADFD6E1}.Release|Any CPU.ActiveCfg = Release|Any CPU
		{E52A399F-D489-4FF8-8BF2-7B6C4ADFD6E1}.Release|Any CPU.Build.0 = Release|Any CPU
		{36BB83AC-1522-428E-9A63-1A18078B05D5}.Debug|Any CPU.ActiveCfg = Debug|Any CPU
		{36BB83AC-1522-428E-9A63-1A18078B05D5}.Debug|Any CPU.Build.0 = Debug|Any CPU
		{36BB83AC-1522-428E-9A63-1A18078B05D5}.Release|Any CPU.ActiveCfg = Release|Any CPU
		{36BB83AC-1522-428E-9A63-1A18078B05D5}.Release|Any CPU.Build.0 = Release|Any CPU
		{CC93B975-D390-402B-96F5-02B73EA9128A}.Debug|Any CPU.ActiveCfg = Debug|Any CPU
		{CC93B975-D390-402B-96F5-02B73EA9128A}.Debug|Any CPU.Build.0 = Debug|Any CPU
		{CC93B975-D390-402B-96F5-02B73EA9128A}.Release|Any CPU.ActiveCfg = Release|Any CPU
		{CC93B975-D390-402B-96F5-02B73EA9128A}.Release|Any CPU.Build.0 = Release|Any CPU
	EndGlobalSection
	GlobalSection(SolutionProperties) = preSolution
		HideSolutionNode = FALSE
	EndGlobalSection
	GlobalSection(ExtensibilityGlobals) = postSolution
		SolutionGuid = {7BAAB107-9784-4359-8C6E-C59FC90D93C2}
	EndGlobalSection
EndGlobal
